{
    "_readme": [
        "This file locks the dependencies of your project to a known state",
        "Read more about it at https://getcomposer.org/doc/01-basic-usage.md#composer-lock-the-lock-file",
        "This file is @generated automatically"
    ],
    "content-hash": "95550f97440c93a5ebbc58ccd7cdf8f1",
    "packages": [
        {
            "name": "modernways/dialog",
            "version": "dev-master",
            "source": {
                "type": "git",
                "url": "https://bitbucket.org/JosephInghelbrecht/dialog.git",
                "reference": "e012cc0871a932be869df3446dcb4f1f6ba5bce5"
            },
            "dist": {
                "type": "zip",
                "url": "https://bitbucket.org/JosephInghelbrecht/dialog/get/e012cc0871a932be869df3446dcb4f1f6ba5bce5.zip",
                "reference": "e012cc0871a932be869df3446dcb4f1f6ba5bce5",
                "shasum": ""
            },
            "require": {
                "php": ">=5.5.0"
            },
            "type": "library",
            "autoload": {
                "psr-4": {
                    "ModernWays\\Dialog\\": "src/"
                }
            },
            "notification-url": "https://packagist.org/downloads/",
            "license": [
                "MIT"
            ],
            "authors": [
                {
                    "name": "Jef Inghelbrecht",
                    "email": "jef.inghelbrecht@inantwerpen.com",
                    "homepage": "http://inantwerpen.com/"
                }
            ],
            "description": "The Dialog component consists of classes to implement a notice board that can be used in all sort of applications",
            "homepage": "http://modernways.be/",
            "keywords": [
                "errormessage",
                "feedback",
                "message",
                "notice",
                "notice board"
            ],
            "time": "2016-11-12T09:36:24+00:00"
        }
    ],
    "packages-dev": [],
    "aliases": [],
    "minimum-stability": "stable",
    "stability-flags": {
        "modernways/dialog": 20
    },
    "prefer-stable": false,
    "prefer-lowest": false,
    "platform": [],
    "platform-dev": []
}
